PODS:
  - ReachabilitySwift (4.3.0)

DEPENDENCIES:
  - ReachabilitySwift

SPEC REPOS:
  https://github.com/cocoapods/specs.git:
    - ReachabilitySwift

SPEC CHECKSUMS:
  ReachabilitySwift: 408477d1b6ed9779dba301953171e017c31241f3

PODFILE CHECKSUM: 1a5df57c341edd17ece9193ab12006ed03a6cb4a

COCOAPODS: 1.6.0
